
Microsoft Visual Studio Solution File, Format Version 12.00
# Visual Studio 15
VisualStudioVersion = 15.0.28010.2048
MinimumVisualStudioVersion = 10.0.40219.1
Project("{FAE04EC0-301F-11D3-BF4B-00C04F79EFBC}") = "InventoryCounter", "InventoryCounter\InventoryCounter.csproj", "{DEEAB037-711C-4910-8047-E38064136D16}"
EndProject
Project("{FAE04EC0-301F-11D3-BF4B-00C04F79EFBC}") = "IngameScriptEditing", "Space Engineers Mod1\IngameScriptEditing.csproj", "{B03F3E61-E945-43A3-A066-A302ADCC0115}"
EndProject
Global
	GlobalSection(SolutionConfigurationPlatforms) = preSolution
		Debug|Any CPU = Debug|Any CPU
		Release|Any CPU = Release|Any CPU
	EndGlobalSection
	GlobalSection(ProjectConfigurationPlatforms) = postSolution
		{DEEAB037-711C-4910-8047-E38064136D16}.Debug|Any CPU.ActiveCfg = Debug|Any CPU
		{DEEAB037-711C-4910-8047-E38064136D16}.Debug|Any CPU.Build.0 = Debug|Any CPU
		{DEEAB037-711C-4910-8047-E38064136D16}.Release|Any CPU.ActiveCfg = Release|Any CPU
		{DEEAB037-711C-4910-8047-E38064136D16}.Release|Any CPU.Build.0 = Release|Any CPU
		{B03F3E61-E945-43A3-A066-A302ADCC0115}.Debug|Any CPU.ActiveCfg = Debug|Any CPU
		{B03F3E61-E945-43A3-A066-A302ADCC0115}.Debug|Any CPU.Build.0 = Debug|Any CPU
		{B03F3E61-E945-43A3-A066-A302ADCC0115}.Release|Any CPU.ActiveCfg = Release|Any CPU
		{B03F3E61-E945-43A3-A066-A302ADCC0115}.Release|Any CPU.Build.0 = Release|Any CPU
	EndGlobalSection
	GlobalSection(SolutionProperties) = preSolution
		HideSolutionNode = FALSE
	EndGlobalSection
	GlobalSection(ExtensibilityGlobals) = postSolution
		SolutionGuid = {B6C6689A-68B5-4683-A9A5-4B365DD1BDAD}
	EndGlobalSection
EndGlobal
